Microsoft Visual Studio Solution File, Format Version 12.00
# Visual Studio Version 17
VisualStudioVersion = 17.5.2.0
MinimumVisualStudioVersion = 10.0.40219.1
Project("{FAE04EC0-301F-11D3-BF4B-00C04F79EFBC}") = "Tercer Semestre Estructura de Datos", "Tercer Semestre Estructura de Datos.csproj", "{5360F7D3-1AB9-80A7-43F6-F9E26D8909B1}"
EndProject
Global
	GlobalSection(SolutionConfigurationPlatforms) = preSolution
		Debug|Any CPU = Debug|Any CPU
		Release|Any CPU = Release|Any CPU
	EndGlobalSection
	GlobalSection(ProjectConfigurationPlatforms) = postSolution
		{5360F7D3-1AB9-80A7-43F6-F9E26D8909B1}.Debug|Any CPU.ActiveCfg = Debug|Any CPU
		{5360F7D3-1AB9-80A7-43F6-F9E26D8909B1}.Debug|Any CPU.Build.0 = Debug|Any CPU
		{5360F7D3-1AB9-80A7-43F6-F9E26D8909B1}.Release|Any CPU.ActiveCfg = Release|Any CPU
		{5360F7D3-1AB9-80A7-43F6-F9E26D8909B1}.Release|Any CPU.Build.0 = Release|Any CPU
	EndGlobalSection
	GlobalSection(SolutionProperties) = preSolution
		HideSolutionNode = FALSE
	EndGlobalSection
	GlobalSection(ExtensibilityGlobals) = postSolution
		SolutionGuid = {2BEF7B3A-77C2-48CB-85BC-DCFDD5BAB6E9}
	EndGlobalSection
EndGlobal
